
Microsoft Visual Studio Solution File, Format Version 12.00
Project("{FAE04EC0-301F-11D3-BF4B-00C04F79EFBC}") = "Qsi", "Qsi\Qsi.csproj", "{82482593-EE23-40C7-BC0E-8C343D70D434}"
EndProject
Project("{FAE04EC0-301F-11D3-BF4B-00C04F79EFBC}") = "Qsi.MySql", "Qsi.MySql\Qsi.MySql.csproj", "{514AE9A8-6162-4ABE-AB66-8FF81DB8DFD0}"
EndProject
Project("{FAE04EC0-301F-11D3-BF4B-00C04F79EFBC}") = "Qsi.PostgreSql", "Qsi.PostgreSql\Qsi.PostgreSql.csproj", "{2AA051E7-77E4-4F7E-AD54-2CC04BC7DD78}"
EndProject
Project("{2150E333-8FDC-42A3-9474-1A3956D46DE8}") = "Languages", "Languages", "{97493A14-DF8A-4A8A-A521-5900DFAC1CDA}"
EndProject
Project("{FAE04EC0-301F-11D3-BF4B-00C04F79EFBC}") = "Qsi.Debugger", "Qsi.Debugger\Qsi.Debugger.csproj", "{DA61E58C-53AA-4D1E-ADD0-0BA63F7B2DC3}"
EndProject
Project("{FAE04EC0-301F-11D3-BF4B-00C04F79EFBC}") = "AvaloniaEdit", "Libraries\AvaloniaEdit\AvaloniaEdit.csproj", "{CFE5B121-8ABF-4646-97FD-AC5794A36C53}"
EndProject
Project("{2150E333-8FDC-42A3-9474-1A3956D46DE8}") = "Debugger", "Debugger", "{D9187603-20FE-4487-A964-C1DD18874E04}"
EndProject
Global
	GlobalSection(SolutionConfigurationPlatforms) = preSolution
		Debug|Any CPU = Debug|Any CPU
		Release|Any CPU = Release|Any CPU
	EndGlobalSection
	GlobalSection(ProjectConfigurationPlatforms) = postSolution
		{82482593-EE23-40C7-BC0E-8C343D70D434}.Debug|Any CPU.ActiveCfg = Debug|Any CPU
		{82482593-EE23-40C7-BC0E-8C343D70D434}.Debug|Any CPU.Build.0 = Debug|Any CPU
		{82482593-EE23-40C7-BC0E-8C343D70D434}.Release|Any CPU.ActiveCfg = Release|Any CPU
		{82482593-EE23-40C7-BC0E-8C343D70D434}.Release|Any CPU.Build.0 = Release|Any CPU
		{514AE9A8-6162-4ABE-AB66-8FF81DB8DFD0}.Debug|Any CPU.ActiveCfg = Debug|Any CPU
		{514AE9A8-6162-4ABE-AB66-8FF81DB8DFD0}.Debug|Any CPU.Build.0 = Debug|Any CPU
		{514AE9A8-6162-4ABE-AB66-8FF81DB8DFD0}.Release|Any CPU.ActiveCfg = Release|Any CPU
		{514AE9A8-6162-4ABE-AB66-8FF81DB8DFD0}.Release|Any CPU.Build.0 = Release|Any CPU
		{2AA051E7-77E4-4F7E-AD54-2CC04BC7DD78}.Debug|Any CPU.ActiveCfg = Debug|Any CPU
		{2AA051E7-77E4-4F7E-AD54-2CC04BC7DD78}.Debug|Any CPU.Build.0 = Debug|Any CPU
		{2AA051E7-77E4-4F7E-AD54-2CC04BC7DD78}.Release|Any CPU.ActiveCfg = Release|Any CPU
		{2AA051E7-77E4-4F7E-AD54-2CC04BC7DD78}.Release|Any CPU.Build.0 = Release|Any CPU
		{DA61E58C-53AA-4D1E-ADD0-0BA63F7B2DC3}.Debug|Any CPU.ActiveCfg = Debug|Any CPU
		{DA61E58C-53AA-4D1E-ADD0-0BA63F7B2DC3}.Debug|Any CPU.Build.0 = Debug|Any CPU
		{DA61E58C-53AA-4D1E-ADD0-0BA63F7B2DC3}.Release|Any CPU.ActiveCfg = Release|Any CPU
		{DA61E58C-53AA-4D1E-ADD0-0BA63F7B2DC3}.Release|Any CPU.Build.0 = Release|Any CPU
		{CFE5B121-8ABF-4646-97FD-AC5794A36C53}.Debug|Any CPU.ActiveCfg = Debug|Any CPU
		{CFE5B121-8ABF-4646-97FD-AC5794A36C53}.Debug|Any CPU.Build.0 = Debug|Any CPU
		{CFE5B121-8ABF-4646-97FD-AC5794A36C53}.Release|Any CPU.ActiveCfg = Release|Any CPU
		{CFE5B121-8ABF-4646-97FD-AC5794A36C53}.Release|Any CPU.Build.0 = Release|Any CPU
	EndGlobalSection
	GlobalSection(NestedProjects) = preSolution
		{514AE9A8-6162-4ABE-AB66-8FF81DB8DFD0} = {97493A14-DF8A-4A8A-A521-5900DFAC1CDA}
		{2AA051E7-77E4-4F7E-AD54-2CC04BC7DD78} = {97493A14-DF8A-4A8A-A521-5900DFAC1CDA}
		{CFE5B121-8ABF-4646-97FD-AC5794A36C53} = {D9187603-20FE-4487-A964-C1DD18874E04}
		{DA61E58C-53AA-4D1E-ADD0-0BA63F7B2DC3} = {D9187603-20FE-4487-A964-C1DD18874E04}
	EndGlobalSection
EndGlobal
