
Microsoft Visual Studio Solution File, Format Version 12.00
# Visual Studio Version 16
VisualStudioVersion = 16.0.30320.27
MinimumVisualStudioVersion = 10.0.40219.1
Project("{9A19103F-16F7-4668-BE54-9A1E7A4F7556}") = "Qsi", "Qsi\Qsi.csproj", "{82482593-EE23-40C7-BC0E-8C343D70D434}"
EndProject
Project("{9A19103F-16F7-4668-BE54-9A1E7A4F7556}") = "Qsi.MySql", "Qsi.MySql\Qsi.MySql.csproj", "{514AE9A8-6162-4ABE-AB66-8FF81DB8DFD0}"
EndProject
Project("{9A19103F-16F7-4668-BE54-9A1E7A4F7556}") = "Qsi.PostgreSql", "Qsi.PostgreSql\Qsi.PostgreSql.csproj", "{2AA051E7-77E4-4F7E-AD54-2CC04BC7DD78}"
EndProject
Project("{2150E333-8FDC-42A3-9474-1A3956D46DE8}") = "Languages", "Languages", "{97493A14-DF8A-4A8A-A521-5900DFAC1CDA}"
EndProject
Project("{9A19103F-16F7-4668-BE54-9A1E7A4F7556}") = "Qsi.Debugger", "Qsi.Debugger\Qsi.Debugger.csproj", "{DA61E58C-53AA-4D1E-ADD0-0BA63F7B2DC3}"
EndProject
Project("{FAE04EC0-301F-11D3-BF4B-00C04F79EFBC}") = "Qsi.Oracle", "Qsi.Oracle\Qsi.Oracle.csproj", "{436E51B6-7C4C-497B-86F8-B5AD67BE83C8}"
EndProject
Project("{FAE04EC0-301F-11D3-BF4B-00C04F79EFBC}") = "Qsi.SqlServer", "Qsi.SqlServer\Qsi.SqlServer.csproj", "{C9CD9F7B-4A37-4755-9D35-15659186104E}"
EndProject
Project("{FAE04EC0-301F-11D3-BF4B-00C04F79EFBC}") = "Qsi.JSql", "Qsi.JSql\Qsi.JSql.csproj", "{B69D2EB0-3D49-4460-8A77-0EF02586241F}"
EndProject
Project("{FAE04EC0-301F-11D3-BF4B-00C04F79EFBC}") = "Qsi.MongoDB", "Qsi.MongoDB\Qsi.MongoDB.csproj", "{1EFA1B3B-8A8F-4319-ACCE-E1C781DFA637}"
EndProject
Project("{FAE04EC0-301F-11D3-BF4B-00C04F79EFBC}") = "Qsi.PhoenixSql", "Qsi.PhoenixSql\Qsi.PhoenixSql.csproj", "{5823C989-9E6A-4521-9112-DF286CFF2107}"
EndProject
Project("{D954291E-2A0B-460D-934E-DC6B0785DB48}") = "Qsi.Shared", "Qsi.Shared\Qsi.Shared.shproj", "{0107B316-4DF4-4B5F-914D-A43230E481F6}"
EndProject
Project("{FAE04EC0-301F-11D3-BF4B-00C04F79EFBC}") = "Qsi.Cql", "Qsi.Cql\Qsi.Cql.csproj", "{C2482E86-B47F-46C2-A1D4-8658285B712F}"
EndProject
Project("{FAE04EC0-301F-11D3-BF4B-00C04F79EFBC}") = "Qsi.PrimarSql", "Qsi.PrimarSql\Qsi.PrimarSql.csproj", "{FF62E9EB-630E-4C00-B6D5-90FFC6E2498F}"
EndProject
Project("{FAE04EC0-301F-11D3-BF4B-00C04F79EFBC}") = "Qsi.Hana", "Qsi.Hana\Qsi.Hana.csproj", "{C872980C-93A6-458E-8281-962C5191C479}"
EndProject
Project("{FAE04EC0-301F-11D3-BF4B-00C04F79EFBC}") = "Qsi.Impala", "Qsi.Impala\Qsi.Impala.csproj", "{79C206A2-2A70-4AA2-B705-858E5B145336}"
EndProject
Global
	GlobalSection(SolutionConfigurationPlatforms) = preSolution
		Debug|Any CPU = Debug|Any CPU
		Release|Any CPU = Release|Any CPU
	EndGlobalSection
	GlobalSection(ProjectConfigurationPlatforms) = postSolution
		{82482593-EE23-40C7-BC0E-8C343D70D434}.Debug|Any CPU.ActiveCfg = Debug|Any CPU
		{82482593-EE23-40C7-BC0E-8C343D70D434}.Debug|Any CPU.Build.0 = Debug|Any CPU
		{82482593-EE23-40C7-BC0E-8C343D70D434}.Release|Any CPU.ActiveCfg = Release|Any CPU
		{82482593-EE23-40C7-BC0E-8C343D70D434}.Release|Any CPU.Build.0 = Release|Any CPU
		{514AE9A8-6162-4ABE-AB66-8FF81DB8DFD0}.Debug|Any CPU.ActiveCfg = Debug|Any CPU
		{514AE9A8-6162-4ABE-AB66-8FF81DB8DFD0}.Debug|Any CPU.Build.0 = Debug|Any CPU
		{514AE9A8-6162-4ABE-AB66-8FF81DB8DFD0}.Release|Any CPU.ActiveCfg = Release|Any CPU
		{514AE9A8-6162-4ABE-AB66-8FF81DB8DFD0}.Release|Any CPU.Build.0 = Release|Any CPU
		{2AA051E7-77E4-4F7E-AD54-2CC04BC7DD78}.Debug|Any CPU.ActiveCfg = Debug|Any CPU
		{2AA051E7-77E4-4F7E-AD54-2CC04BC7DD78}.Debug|Any CPU.Build.0 = Debug|Any CPU
		{2AA051E7-77E4-4F7E-AD54-2CC04BC7DD78}.Release|Any CPU.ActiveCfg = Release|Any CPU
		{2AA051E7-77E4-4F7E-AD54-2CC04BC7DD78}.Release|Any CPU.Build.0 = Release|Any CPU
		{DA61E58C-53AA-4D1E-ADD0-0BA63F7B2DC3}.Debug|Any CPU.ActiveCfg = Debug|Any CPU
		{DA61E58C-53AA-4D1E-ADD0-0BA63F7B2DC3}.Debug|Any CPU.Build.0 = Debug|Any CPU
		{DA61E58C-53AA-4D1E-ADD0-0BA63F7B2DC3}.Release|Any CPU.ActiveCfg = Release|Any CPU
		{DA61E58C-53AA-4D1E-ADD0-0BA63F7B2DC3}.Release|Any CPU.Build.0 = Release|Any CPU
		{436E51B6-7C4C-497B-86F8-B5AD67BE83C8}.Debug|Any CPU.ActiveCfg = Debug|Any CPU
		{436E51B6-7C4C-497B-86F8-B5AD67BE83C8}.Debug|Any CPU.Build.0 = Debug|Any CPU
		{436E51B6-7C4C-497B-86F8-B5AD67BE83C8}.Release|Any CPU.ActiveCfg = Release|Any CPU
		{436E51B6-7C4C-497B-86F8-B5AD67BE83C8}.Release|Any CPU.Build.0 = Release|Any CPU
		{C9CD9F7B-4A37-4755-9D35-15659186104E}.Debug|Any CPU.ActiveCfg = Debug|Any CPU
		{C9CD9F7B-4A37-4755-9D35-15659186104E}.Debug|Any CPU.Build.0 = Debug|Any CPU
		{C9CD9F7B-4A37-4755-9D35-15659186104E}.Release|Any CPU.ActiveCfg = Release|Any CPU
		{C9CD9F7B-4A37-4755-9D35-15659186104E}.Release|Any CPU.Build.0 = Release|Any CPU
		{B69D2EB0-3D49-4460-8A77-0EF02586241F}.Debug|Any CPU.ActiveCfg = Debug|Any CPU
		{B69D2EB0-3D49-4460-8A77-0EF02586241F}.Debug|Any CPU.Build.0 = Debug|Any CPU
		{B69D2EB0-3D49-4460-8A77-0EF02586241F}.Release|Any CPU.ActiveCfg = Release|Any CPU
		{B69D2EB0-3D49-4460-8A77-0EF02586241F}.Release|Any CPU.Build.0 = Release|Any CPU
		{1EFA1B3B-8A8F-4319-ACCE-E1C781DFA637}.Debug|Any CPU.ActiveCfg = Debug|Any CPU
		{1EFA1B3B-8A8F-4319-ACCE-E1C781DFA637}.Debug|Any CPU.Build.0 = Debug|Any CPU
		{1EFA1B3B-8A8F-4319-ACCE-E1C781DFA637}.Release|Any CPU.ActiveCfg = Release|Any CPU
		{1EFA1B3B-8A8F-4319-ACCE-E1C781DFA637}.Release|Any CPU.Build.0 = Release|Any CPU
		{5823C989-9E6A-4521-9112-DF286CFF2107}.Debug|Any CPU.ActiveCfg = Debug|Any CPU
		{5823C989-9E6A-4521-9112-DF286CFF2107}.Debug|Any CPU.Build.0 = Debug|Any CPU
		{5823C989-9E6A-4521-9112-DF286CFF2107}.Release|Any CPU.ActiveCfg = Release|Any CPU
		{5823C989-9E6A-4521-9112-DF286CFF2107}.Release|Any CPU.Build.0 = Release|Any CPU
		{C2482E86-B47F-46C2-A1D4-8658285B712F}.Debug|Any CPU.ActiveCfg = Debug|Any CPU
		{C2482E86-B47F-46C2-A1D4-8658285B712F}.Debug|Any CPU.Build.0 = Debug|Any CPU
		{C2482E86-B47F-46C2-A1D4-8658285B712F}.Release|Any CPU.ActiveCfg = Release|Any CPU
		{C2482E86-B47F-46C2-A1D4-8658285B712F}.Release|Any CPU.Build.0 = Release|Any CPU
		{FF62E9EB-630E-4C00-B6D5-90FFC6E2498F}.Debug|Any CPU.ActiveCfg = Debug|Any CPU
		{FF62E9EB-630E-4C00-B6D5-90FFC6E2498F}.Debug|Any CPU.Build.0 = Debug|Any CPU
		{FF62E9EB-630E-4C00-B6D5-90FFC6E2498F}.Release|Any CPU.ActiveCfg = Release|Any CPU
		{FF62E9EB-630E-4C00-B6D5-90FFC6E2498F}.Release|Any CPU.Build.0 = Release|Any CPU
		{C872980C-93A6-458E-8281-962C5191C479}.Debug|Any CPU.ActiveCfg = Debug|Any CPU
		{C872980C-93A6-458E-8281-962C5191C479}.Debug|Any CPU.Build.0 = Debug|Any CPU
		{C872980C-93A6-458E-8281-962C5191C479}.Release|Any CPU.ActiveCfg = Release|Any CPU
		{C872980C-93A6-458E-8281-962C5191C479}.Release|Any CPU.Build.0 = Release|Any CPU
		{79C206A2-2A70-4AA2-B705-858E5B145336}.Debug|Any CPU.ActiveCfg = Debug|Any CPU
		{79C206A2-2A70-4AA2-B705-858E5B145336}.Debug|Any CPU.Build.0 = Debug|Any CPU
		{79C206A2-2A70-4AA2-B705-858E5B145336}.Release|Any CPU.ActiveCfg = Release|Any CPU
		{79C206A2-2A70-4AA2-B705-858E5B145336}.Release|Any CPU.Build.0 = Release|Any CPU
	EndGlobalSection
	GlobalSection(SolutionProperties) = preSolution
		HideSolutionNode = FALSE
	EndGlobalSection
	GlobalSection(NestedProjects) = preSolution
		{514AE9A8-6162-4ABE-AB66-8FF81DB8DFD0} = {97493A14-DF8A-4A8A-A521-5900DFAC1CDA}
		{2AA051E7-77E4-4F7E-AD54-2CC04BC7DD78} = {97493A14-DF8A-4A8A-A521-5900DFAC1CDA}
		{436E51B6-7C4C-497B-86F8-B5AD67BE83C8} = {97493A14-DF8A-4A8A-A521-5900DFAC1CDA}
		{B69D2EB0-3D49-4460-8A77-0EF02586241F} = {97493A14-DF8A-4A8A-A521-5900DFAC1CDA}
		{C9CD9F7B-4A37-4755-9D35-15659186104E} = {97493A14-DF8A-4A8A-A521-5900DFAC1CDA}
		{1EFA1B3B-8A8F-4319-ACCE-E1C781DFA637} = {97493A14-DF8A-4A8A-A521-5900DFAC1CDA}
		{5823C989-9E6A-4521-9112-DF286CFF2107} = {97493A14-DF8A-4A8A-A521-5900DFAC1CDA}
		{C2482E86-B47F-46C2-A1D4-8658285B712F} = {97493A14-DF8A-4A8A-A521-5900DFAC1CDA}
		{FF62E9EB-630E-4C00-B6D5-90FFC6E2498F} = {97493A14-DF8A-4A8A-A521-5900DFAC1CDA}
		{C872980C-93A6-458E-8281-962C5191C479} = {97493A14-DF8A-4A8A-A521-5900DFAC1CDA}
		{79C206A2-2A70-4AA2-B705-858E5B145336} = {97493A14-DF8A-4A8A-A521-5900DFAC1CDA}
	EndGlobalSection
	GlobalSection(ExtensibilityGlobals) = postSolution
		SolutionGuid = {A12491D7-EB7D-4F23-A7B6-6B4AB1DD08D9}
	EndGlobalSection
EndGlobal
